{
  "name": "cuda-js-tensor",
  "version": "0.1.0-alpha.5",
  "lockfileVersion": 3,
  "requires": true,
  "packages": {
    "": {
      "name": "cuda-js-tensor",
      "version": "0.1.0-alpha.5",
      "license": "AGPL-3.0-or-later",
      "dependencies": {
        "cuda-js": "https://codeload.github.com/iteathen/CUDA-JS/tar.gz/af29b95e0707b36b88ee4e234c25a9e7f7ed3a1d"
      },
      "engines": {
        "node": ">=26.1.0"
      }
    },
    "node_modules/acorn": {
      "version": "8.15.0",
      "resolved": "https://registry.npmjs.org/acorn/-/acorn-8.15.0.tgz",
      "integrity": "sha512-NZyJarBfL7nWwIq+FDL6Zp/yHEhePMNnnJ0y3qfieCrmNvYct8uvtiV41UvlSe6apAfk0fY1FbWx+NwfmpvtTg==",
      "license": "MIT",
      "bin": {
        "acorn": "bin/acorn"
      },
      "engines": {
        "node": ">=0.4.0"
      }
    },
    "node_modules/cuda-js": {
      "version": "0.1.0-alpha.15",
      "resolved": "https://codeload.github.com/iteathen/CUDA-JS/tar.gz/af29b95e0707b36b88ee4e234c25a9e7f7ed3a1d",
      "integrity": "sha512-b83uLEE3GKNbsmP8930NfcUDXXTkZhDTNuf5s6+RCjRy6w0pDMmAWvAmPODAgKz+wkDJmIhDcg+4OjvgERzXRg==",
      "license": "AGPL-3.0-or-later",
      "dependencies": {
        "acorn": "8.15.0"
      },
      "engines": {
        "node": ">=26.1.0"
      }
    }
  }
}
