{
  "name": "cuda-js-tensor",
  "version": "0.1.0-alpha.6",
  "lockfileVersion": 3,
  "requires": true,
  "packages": {
    "": {
      "name": "cuda-js-tensor",
      "version": "0.1.0-alpha.6",
      "license": "AGPL-3.0-or-later",
      "dependencies": {
        "cuda-js": "https://codeload.github.com/iteathen/CUDA-JS/tar.gz/4971302cfb48431c0843126a59d5884d84a81641"
      },
      "engines": {
        "node": ">=26.1.0"
      }
    },
    "node_modules/acorn": {
      "version": "8.15.0",
      "resolved": "https://registry.npmjs.org/acorn/-/acorn-8.15.0.tgz",
      "integrity": "sha512-NZyJarBfL7nWwIq+FDL6Zp/yHEhePMNnnJ0y3qfieCrmNvYct8uvtiV41UvlSe6apAfk0fY1FbWx+NwfmpvtTg==",
      "license": "MIT",
      "bin": {
        "acorn": "bin/acorn"
      },
      "engines": {
        "node": ">=0.4.0"
      }
    },
    "node_modules/cuda-js": {
      "version": "0.1.0-alpha.16",
      "resolved": "https://codeload.github.com/iteathen/CUDA-JS/tar.gz/4971302cfb48431c0843126a59d5884d84a81641",
      "integrity": "sha512-yfY1scAWDuViXIQQorAWHZZ2YM7Vlcr+84PaB/eZK0CkcuUukgdM4eJgc2HXEulgIY2OOfY9duM0rUAC1PSHsQ==",
      "license": "AGPL-3.0-or-later",
      "dependencies": {
        "acorn": "8.15.0"
      },
      "engines": {
        "node": ">=26.1.0"
      }
    }
  }
}
